{
  "pins" : [
    {
      "identity" : "mixpanel-swift",
      "kind" : "remoteSourceControl",
      "location" : "https://github.com/mixpanel/mixpanel-swift",
      "state" : {
        "revision" : "cde947cd8d8204a86efd65d824ff9624e0a37a15",
        "version" : "4.0.4"
      }
    }
  ],
  "version" : 2
}
