{
  "pins" : [
    {
      "identity" : "mixpanel-swift",
      "kind" : "remoteSourceControl",
      "location" : "https://github.com/mixpanel/mixpanel-swift",
      "state" : {
        "revision" : "15dbfbabb2821e70c098412bdadbcc15aaf61d69",
        "version" : "2.10.3"
      }
    }
  ],
  "version" : 2
}
