// !$*UTF8*$!
{
	archiveVersion = 1;
	classes = {
	};
	objectVersion = 56;
	objects = {

/* Begin PBXBuildFile section */
		5396F938293F3E7700711E8A /* AppDelegate.swift in Sources */ = {isa = PBXBuildFile; fileRef = 5396F937293F3E7700711E8A /* AppDelegate.swift */; };
		5396F93A293F3E7700711E8A /* SceneDelegate.swift in Sources */ = {isa = PBXBuildFile; fileRef = 5396F939293F3E7700711E8A /* SceneDelegate.swift */; };
		5396F93C293F3E7700711E8A /* ViewController.swift in Sources */ = {isa = PBXBuildFile; fileRef = 5396F93B293F3E7700711E8A /* ViewController.swift */; };
		5396F93F293F3E7700711E8A /* Main.storyboard in Resources */ = {isa = PBXBuildFile; fileRef = 5396F93D293F3E7700711E8A /* Main.storyboard */; };
		5396F941293F3E7800711E8A /* Assets.xcassets in Resources */ = {isa = PBXBuildFile; fileRef = 5396F940293F3E7800711E8A /* Assets.xcassets */; };
		5396F944293F3E7800711E8A /* LaunchScreen.storyboard in Resources */ = {isa = PBXBuildFile; fileRef = 5396F942293F3E7800711E8A /* LaunchScreen.storyboard */; };
		5396F94D293F3F3B00711E8A /* Mixpanel in Frameworks */ = {isa = PBXBuildFile; productRef = 5396F94C293F3F3B00711E8A /* Mixpanel */; };
		5396F94F293F3F9500711E8A /* AnalyticsEngine.swift in Sources */ = {isa = PBXBuildFile; fileRef = 5396F94E293F3F9500711E8A /* AnalyticsEngine.swift */; };
/* End PBXBuildFile section */

/* Begin PBXFileReference section */
		5396F934293F3E7700711E8A /* MixpanelDemo.app */ = {isa = PBXFileReference; explicitFileType = wrapper.application; includeInIndex = 0; path = MixpanelDemo.app; sourceTree = BUILT_PRODUCTS_DIR; };
		5396F937293F3E7700711E8A /* AppDelegate.swift */ = {isa = PBXFileReference; lastKnownFileType = sourcecode.swift; path = AppDelegate.swift; sourceTree = "<group>"; };
		5396F939293F3E7700711E8A /* SceneDelegate.swift */ = {isa = PBXFileReference; lastKnownFileType = sourcecode.swift; path = SceneDelegate.swift; sourceTree = "<group>"; };
		5396F93B293F3E7700711E8A /* ViewController.swift */ = {isa = PBXFileReference; lastKnownFileType = sourcecode.swift; path = ViewController.swift; sourceTree = "<group>"; };
		5396F93E293F3E7700711E8A /* Base */ = {isa = PBXFileReference; lastKnownFileType = file.storyboard; name = Base; path = Base.lproj/Main.storyboard; sourceTree = "<group>"; };
		5396F940293F3E7800711E8A /* Assets.xcassets */ = {isa = PBXFileReference; lastKnownFileType = folder.assetcatalog; path = Assets.xcassets; sourceTree = "<group>"; };
		5396F943293F3E7800711E8A /* Base */ = {isa = PBXFileReference; lastKnownFileType = file.storyboard; name = Base; path = Base.lproj/LaunchScreen.storyboard; sourceTree = "<group>"; };
		5396F945293F3E7800711E8A /* Info.plist */ = {isa = PBXFileReference; lastKnownFileType = text.plist.xml; path = Info.plist; sourceTree = "<group>"; };
		5396F94E293F3F9500711E8A /* AnalyticsEngine.swift */ = {isa = PBXFileReference; lastKnownFileType = sourcecode.swift; path = AnalyticsEngine.swift; sourceTree = "<group>"; };
/* End PBXFileReference section */

/* Begin PBXFrameworksBuildPhase section */
		5396F931293F3E7700711E8A /* Frameworks */ = {
			isa = PBXFrameworksBuildPhase;
			buildActionMask = 2147483647;
			files = (
				5396F94D293F3F3B00711E8A /* Mixpanel in Frameworks */,
			);
			runOnlyForDeploymentPostprocessing = 0;
		};
/* End PBXFrameworksBuildPhase section */

/* Begin PBXGroup section */
		5396F92B293F3E7700711E8A = {
			isa = PBXGroup;
			children = (
				5396F936293F3E7700711E8A /* MixpanelDemo */,
				5396F935293F3E7700711E8A /* Products */,
			);
			sourceTree = "<group>";
		};
		5396F935293F3E7700711E8A /* Products */ = {
			isa = PBXGroup;
			children = (
				5396F934293F3E7700711E8A /* MixpanelDemo.app */,
			);
			name = Products;
			sourceTree = "<group>";
		};
		5396F936293F3E7700711E8A /* MixpanelDemo */ = {
			isa = PBXGroup;
			children = (
				5396F937293F3E7700711E8A /* AppDelegate.swift */,
				5396F94E293F3F9500711E8A /* AnalyticsEngine.swift */,
				5396F939293F3E7700711E8A /* SceneDelegate.swift */,
				5396F93B293F3E7700711E8A /* ViewController.swift */,
				5396F93D293F3E7700711E8A /* Main.storyboard */,
				5396F940293F3E7800711E8A /* Assets.xcassets */,
				5396F942293F3E7800711E8A /* LaunchScreen.storyboard */,
				5396F945293F3E7800711E8A /* Info.plist */,
			);
			path = MixpanelDemo;
			sourceTree = "<group>";
		};
/* End PBXGroup section */

/* Begin PBXNativeTarget section */
		5396F933293F3E7700711E8A /* MixpanelDemo */ = {
			isa = PBXNativeTarget;
			buildConfigurationList = 5396F948293F3E7800711E8A /* Build configuration list for PBXNativeTarget "MixpanelDemo" */;
			buildPhases = (
				5396F930293F3E7700711E8A /* Sources */,
				5396F931293F3E7700711E8A /* Frameworks */,
				5396F932293F3E7700711E8A /* Resources */,
			);
			buildRules = (
			);
			dependencies = (
			);
			name = MixpanelDemo;
			packageProductDependencies = (
				5396F94C293F3F3B00711E8A /* Mixpanel */,
			);
			productName = MixpanelDemo;
			productReference = 5396F934293F3E7700711E8A /* MixpanelDemo.app */;
			productType = "com.apple.product-type.application";
		};
/* End PBXNativeTarget section */

/* Begin PBXProject section */
		5396F92C293F3E7700711E8A /* Project object */ = {
			isa = PBXProject;
			attributes = {
				BuildIndependentTargetsInParallel = 1;
				LastSwiftUpdateCheck = 1410;
				LastUpgradeCheck = 1410;
				TargetAttributes = {
					5396F933293F3E7700711E8A = {
						CreatedOnToolsVersion = 14.1;
					};
				};
			};
			buildConfigurationList = 5396F92F293F3E7700711E8A /* Build configuration list for PBXProject "MixpanelDemo" */;
			compatibilityVersion = "Xcode 14.0";
			developmentRegion = en;
			hasScannedForEncodings = 0;
			knownRegions = (
				en,
				Base,
			);
			mainGroup = 5396F92B293F3E7700711E8A;
			packageReferences = (
				5396F94B293F3F3B00711E8A /* XCRemoteSwiftPackageReference "mixpanel-swift" */,
			);
			productRefGroup = 5396F935293F3E7700711E8A /* Products */;
			projectDirPath = "";
			projectRoot = "";
			targets = (
				5396F933293F3E7700711E8A /* MixpanelDemo */,
			);
		};
/* End PBXProject section */

/* Begin PBXResourcesBuildPhase section */
		5396F932293F3E7700711E8A /* Resources */ = {
			isa = PBXResourcesBuildPhase;
			buildActionMask = 2147483647;
			files = (
				5396F944293F3E7800711E8A /* LaunchScreen.storyboard in Resources */,
				5396F941293F3E7800711E8A /* Assets.xcassets in Resources */,
				5396F93F293F3E7700711E8A /* Main.storyboard in Resources */,
			);
			runOnlyForDeploymentPostprocessing = 0;
		};
/* End PBXResourcesBuildPhase section */

/* Begin PBXSourcesBuildPhase section */
		5396F930293F3E7700711E8A /* Sources */ = {
			isa = PBXSourcesBuildPhase;
			buildActionMask = 2147483647;
			files = (
				5396F93C293F3E7700711E8A /* ViewController.swift in Sources */,
				5396F938293F3E7700711E8A /* AppDelegate.swift in Sources */,
				5396F94F293F3F9500711E8A /* AnalyticsEngine.swift in Sources */,
				5396F93A293F3E7700711E8A /* SceneDelegate.swift in Sources */,
			);
			runOnlyForDeploymentPostprocessing = 0;
		};
/* End PBXSourcesBuildPhase section */

/* Begin PBXVariantGroup section */
		5396F93D293F3E7700711E8A /* Main.storyboard */ = {
			isa = PBXVariantGroup;
			children = (
				5396F93E293F3E7700711E8A /* Base */,
			);
			name = Main.storyboard;
			sourceTree = "<group>";
		};
		5396F942293F3E7800711E8A /* LaunchScreen.storyboard */ = {
			isa = PBXVariantGroup;
			children = (
				5396F943293F3E7800711E8A /* Base */,
			);
			name = LaunchScreen.storyboard;
			sourceTree = "<group>";
		};
/* End PBXVariantGroup section */

/* Begin XCBuildConfiguration section */
		5396F946293F3E7800711E8A /* Debug */ = {
			isa = XCBuildConfiguration;
			buildSettings = {
				ALWAYS_SEARCH_USER_PATHS = NO;
				CLANG_ANALYZER_NONNULL = YES;
				CLANG_ANALYZER_NUMBER_OBJECT_CONVERSION = YES_AGGRESSIVE;
				CLANG_CXX_LANGUAGE_STANDARD = "gnu++20";
				CLANG_ENABLE_MODULES = YES;
				CLANG_ENABLE_OBJC_ARC = YES;
				CLANG_ENABLE_OBJC_WEAK = YES;
				CLANG_WARN_BLOCK_CAPTURE_AUTORELEASING = YES;
				CLANG_WARN_BOOL_CONVERSION = YES;
				CLANG_WARN_COMMA = YES;
				CLANG_WARN_CONSTANT_CONVERSION = YES;
				CLANG_WARN_DEPRECATED_OBJC_IMPLEMENTATIONS = YES;
				CLANG_WARN_DIRECT_OBJC_ISA_USAGE = YES_ERROR;
				CLANG_WARN_DOCUMENTATION_COMMENTS = YES;
				CLANG_WARN_EMPTY_BODY = YES;
				CLANG_WARN_ENUM_CONVERSION = YES;
				CLANG_WARN_INFINITE_RECURSION = YES;
				CLANG_WARN_INT_CONVERSION = YES;
				CLANG_WARN_NON_LITERAL_NULL_CONVERSION = YES;
				CLANG_WARN_OBJC_IMPLICIT_RETAIN_SELF = YES;
				CLANG_WARN_OBJC_LITERAL_CONVERSION = YES;
				CLANG_WARN_OBJC_ROOT_CLASS = YES_ERROR;
				CLANG_WARN_QUOTED_INCLUDE_IN_FRAMEWORK_HEADER = YES;
				CLANG_WARN_RANGE_LOOP_ANALYSIS = YES;
				CLANG_WARN_STRICT_PROTOTYPES = YES;
				CLANG_WARN_SUSPICIOUS_MOVE = YES;
				CLANG_WARN_UNGUARDED_AVAILABILITY = YES_AGGRESSIVE;
				CLANG_WARN_UNREACHABLE_CODE = YES;
				CLANG_WARN__DUPLICATE_METHOD_MATCH = YES;
				COPY_PHASE_STRIP = NO;
				DEBUG_INFORMATION_FORMAT = dwarf;
				ENABLE_STRICT_OBJC_MSGSEND = YES;
				ENABLE_TESTABILITY = YES;
				GCC_C_LANGUAGE_STANDARD = gnu11;
				GCC_DYNAMIC_NO_PIC = NO;
				GCC_NO_COMMON_BLOCKS = YES;
				GCC_OPTIMIZATION_LEVEL = 0;
				GCC_PREPROCESSOR_DEFINITIONS = (
					"DEBUG=1",
					"$(inherited)",
				);
				GCC_WARN_64_TO_32_BIT_CONVERSION = YES;
				GCC_WARN_ABOUT_RETURN_TYPE = YES_ERROR;
				GCC_WARN_UNDECLARED_SELECTOR = YES;
				GCC_WARN_UNINITIALIZED_AUTOS = YES_AGGRESSIVE;
				GCC_WARN_UNUSED_FUNCTION = YES;
				GCC_WARN_UNUSED_VARIABLE = YES;
				IPHONEOS_DEPLOYMENT_TARGET = 16.1;
				MTL_ENABLE_DEBUG_INFO = INCLUDE_SOURCE;
				MTL_FAST_MATH = YES;
				ONLY_ACTIVE_ARCH = YES;
				SDKROOT = iphoneos;
				SWIFT_ACTIVE_COMPILATION_CONDITIONS = DEBUG;
				SWIFT_OPTIMIZATION_LEVEL = "-Onone";
			};
			name = Debug;
		};
		5396F947293F3E7800711E8A /* Release */ = {
			isa = XCBuildConfiguration;
			buildSettings = {
				ALWAYS_SEARCH_USER_PATHS = NO;
				CLANG_ANALYZER_NONNULL = YES;
				CLANG_ANALYZER_NUMBER_OBJECT_CONVERSION = YES_AGGRESSIVE;
				CLANG_CXX_LANGUAGE_STANDARD = "gnu++20";
				CLANG_ENABLE_MODULES = YES;
				CLANG_ENABLE_OBJC_ARC = YES;
				CLANG_ENABLE_OBJC_WEAK = YES;
				CLANG_WARN_BLOCK_CAPTURE_AUTORELEASING = YES;
				CLANG_WARN_BOOL_CONVERSION = YES;
				CLANG_WARN_COMMA = YES;
				CLANG_WARN_CONSTANT_CONVERSION = YES;
				CLANG_WARN_DEPRECATED_OBJC_IMPLEMENTATIONS = YES;
				CLANG_WARN_DIRECT_OBJC_ISA_USAGE = YES_ERROR;
				CLANG_WARN_DOCUMENTATION_COMMENTS = YES;
				CLANG_WARN_EMPTY_BODY = YES;
				CLANG_WARN_ENUM_CONVERSION = YES;
				CLANG_WARN_INFINITE_RECURSION = YES;
				CLANG_WARN_INT_CONVERSION = YES;
				CLANG_WARN_NON_LITERAL_NULL_CONVERSION = YES;
				CLANG_WARN_OBJC_IMPLICIT_RETAIN_SELF = YES;
				CLANG_WARN_OBJC_LITERAL_CONVERSION = YES;
				CLANG_WARN_OBJC_ROOT_CLASS = YES_ERROR;
				CLANG_WARN_QUOTED_INCLUDE_IN_FRAMEWORK_HEADER = YES;
				CLANG_WARN_RANGE_LOOP_ANALYSIS = YES;
				CLANG_WARN_STRICT_PROTOTYPES = YES;
				CLANG_WARN_SUSPICIOUS_MOVE = YES;
				CLANG_WARN_UNGUARDED_AVAILABILITY = YES_AGGRESSIVE;
				CLANG_WARN_UNREACHABLE_CODE = YES;
				CLANG_WARN__DUPLICATE_METHOD_MATCH = YES;
				COPY_PHASE_STRIP = NO;
				DEBUG_INFORMATION_FORMAT = "dwarf-with-dsym";
				ENABLE_NS_ASSERTIONS = NO;
				ENABLE_STRICT_OBJC_MSGSEND = YES;
				GCC_C_LANGUAGE_STANDARD = gnu11;
				GCC_NO_COMMON_BLOCKS = YES;
				GCC_WARN_64_TO_32_BIT_CONVERSION = YES;
				GCC_WARN_ABOUT_RETURN_TYPE = YES_ERROR;
				GCC_WARN_UNDECLARED_SELECTOR = YES;
				GCC_WARN_UNINITIALIZED_AUTOS = YES_AGGRESSIVE;
				GCC_WARN_UNUSED_FUNCTION = YES;
				GCC_WARN_UNUSED_VARIABLE = YES;
				IPHONEOS_DEPLOYMENT_TARGET = 16.1;
				MTL_ENABLE_DEBUG_INFO = NO;
				MTL_FAST_MATH = YES;
				SDKROOT = iphoneos;
				SWIFT_COMPILATION_MODE = wholemodule;
				SWIFT_OPTIMIZATION_LEVEL = "-O";
				VALIDATE_PRODUCT = YES;
			};
			name = Release;
		};
		5396F949293F3E7800711E8A /* Debug */ = {
			isa = XCBuildConfiguration;
			buildSettings = {
				ASSETCATALOG_COMPILER_APPICON_NAME = AppIcon;
				ASSETCATALOG_COMPILER_GLOBAL_ACCENT_COLOR_NAME = AccentColor;
				CODE_SIGN_STYLE = Automatic;
				CURRENT_PROJECT_VERSION = 1;
				DEVELOPMENT_TEAM = 3887CQFQX3;
				GENERATE_INFOPLIST_FILE = YES;
				INFOPLIST_FILE = MixpanelDemo/Info.plist;
				INFOPLIST_KEY_UIApplicationSupportsIndirectInputEvents = YES;
				INFOPLIST_KEY_UILaunchStoryboardName = LaunchScreen;
				INFOPLIST_KEY_UIMainStoryboardFile = Main;
				INFOPLIST_KEY_UISupportedInterfaceOrientations_iPad = "UIInterfaceOrientationPortrait UIInterfaceOrientationPortraitUpsideDown UIInterfaceOrientationLandscapeLeft UIInterfaceOrientationLandscapeRight";
				INFOPLIST_KEY_UISupportedInterfaceOrientations_iPhone = "UIInterfaceOrientationPortrait UIInterfaceOrientationLandscapeLeft UIInterfaceOrientationLandscapeRight";
				LD_RUNPATH_SEARCH_PATHS = (
					"$(inherited)",
					"@executable_path/Frameworks",
				);
				MARKETING_VERSION = 1.0;
				PRODUCT_BUNDLE_IDENTIFIER = si.modrajagoda.MixpanelDemo;
				PRODUCT_NAME = "$(TARGET_NAME)";
				SWIFT_EMIT_LOC_STRINGS = YES;
				SWIFT_VERSION = 5.0;
				TARGETED_DEVICE_FAMILY = "1,2";
			};
			name = Debug;
		};
		5396F94A293F3E7800711E8A /* Release */ = {
			isa = XCBuildConfiguration;
			buildSettings = {
				ASSETCATALOG_COMPILER_APPICON_NAME = AppIcon;
				ASSETCATALOG_COMPILER_GLOBAL_ACCENT_COLOR_NAME = AccentColor;
				CODE_SIGN_STYLE = Automatic;
				CURRENT_PROJECT_VERSION = 1;
				DEVELOPMENT_TEAM = 3887CQFQX3;
				GENERATE_INFOPLIST_FILE = YES;
				INFOPLIST_FILE = MixpanelDemo/Info.plist;
				INFOPLIST_KEY_UIApplicationSupportsIndirectInputEvents = YES;
				INFOPLIST_KEY_UILaunchStoryboardName = LaunchScreen;
				INFOPLIST_KEY_UIMainStoryboardFile = Main;
				INFOPLIST_KEY_UISupportedInterfaceOrientations_iPad = "UIInterfaceOrientationPortrait UIInterfaceOrientationPortraitUpsideDown UIInterfaceOrientationLandscapeLeft UIInterfaceOrientationLandscapeRight";
				INFOPLIST_KEY_UISupportedInterfaceOrientations_iPhone = "UIInterfaceOrientationPortrait UIInterfaceOrientationLandscapeLeft UIInterfaceOrientationLandscapeRight";
				LD_RUNPATH_SEARCH_PATHS = (
					"$(inherited)",
					"@executable_path/Frameworks",
				);
				MARKETING_VERSION = 1.0;
				PRODUCT_BUNDLE_IDENTIFIER = si.modrajagoda.MixpanelDemo;
				PRODUCT_NAME = "$(TARGET_NAME)";
				SWIFT_EMIT_LOC_STRINGS = YES;
				SWIFT_VERSION = 5.0;
				TARGETED_DEVICE_FAMILY = "1,2";
			};
			name = Release;
		};
/* End XCBuildConfiguration section */

/* Begin XCConfigurationList section */
		5396F92F293F3E7700711E8A /* Build configuration list for PBXProject "MixpanelDemo" */ = {
			isa = XCConfigurationList;
			buildConfigurations = (
				5396F946293F3E7800711E8A /* Debug */,
				5396F947293F3E7800711E8A /* Release */,
			);
			defaultConfigurationIsVisible = 0;
			defaultConfigurationName = Release;
		};
		5396F948293F3E7800711E8A /* Build configuration list for PBXNativeTarget "MixpanelDemo" */ = {
			isa = XCConfigurationList;
			buildConfigurations = (
				5396F949293F3E7800711E8A /* Debug */,
				5396F94A293F3E7800711E8A /* Release */,
			);
			defaultConfigurationIsVisible = 0;
			defaultConfigurationName = Release;
		};
/* End XCConfigurationList section */

/* Begin XCRemoteSwiftPackageReference section */
		5396F94B293F3F3B00711E8A /* XCRemoteSwiftPackageReference "mixpanel-swift" */ = {
			isa = XCRemoteSwiftPackageReference;
			repositoryURL = "https://github.com/mixpanel/mixpanel-swift";
			requirement = {
				kind = exactVersion;
				version = 3.1.7;
			};
		};
/* End XCRemoteSwiftPackageReference section */

/* Begin XCSwiftPackageProductDependency section */
		5396F94C293F3F3B00711E8A /* Mixpanel */ = {
			isa = XCSwiftPackageProductDependency;
			package = 5396F94B293F3F3B00711E8A /* XCRemoteSwiftPackageReference "mixpanel-swift" */;
			productName = Mixpanel;
		};
/* End XCSwiftPackageProductDependency section */
	};
	rootObject = 5396F92C293F3E7700711E8A /* Project object */;
}
